// !$*UTF8*$!
{
	archiveVersion = 1;
	classes = {
	};
	objectVersion = 46;
	objects = {

/* Begin PBXBuildFile section */
		AE85D7431368E34400CDA534 /* UIKit.framework in Frameworks */ = {isa = PBXBuildFile; fileRef = AE85D7421368E34400CDA534 /* UIKit.framework */; };
		AE85D7451368E34400CDA534 /* Foundation.framework in Frameworks */ = {isa = PBXBuildFile; fileRef = AE85D7441368E34400CDA534 /* Foundation.framework */; };
		AE85D7471368E34400CDA534 /* CoreGraphics.framework in Frameworks */ = {isa = PBXBuildFile; fileRef = AE85D7461368E34400CDA534 /* CoreGraphics.framework */; };
		AE85D74D1368E34400CDA534 /* InfoPlist.strings in Resources */ = {isa = PBXBuildFile; fileRef = AE85D74B1368E34400CDA534 /* InfoPlist.strings */; };
		AE85D7501368E34400CDA534 /* main.m in Sources */ = {isa = PBXBuildFile; fileRef = AE85D74F1368E34400CDA534 /* main.m */; };
		AE85D7531368E34400CDA534 /* ECaddyAppDelegate.m in Sources */ = {isa = PBXBuildFile; fileRef = AE85D7521368E34400CDA534 /* ECaddyAppDelegate.m */; };
		AE85D7561368E34400CDA534 /* MainWindow.xib in Resources */ = {isa = PBXBuildFile; fileRef = AE85D7541368E34400CDA534 /* MainWindow.xib */; };
		AE85D7591368E34400CDA534 /* ScorecardViewController.m in Sources */ = {isa = PBXBuildFile; fileRef = AE85D7581368E34400CDA534 /* ScorecardViewController.m */; };
		AE85D75C1368E34400CDA534 /* DirectoryViewController.m in Sources */ = {isa = PBXBuildFile; fileRef = AE85D75B1368E34400CDA534 /* DirectoryViewController.m */; };
		AE85D75F1368E34400CDA534 /* ScorecardView.xib in Resources */ = {isa = PBXBuildFile; fileRef = AE85D75D1368E34400CDA534 /* ScorecardView.xib */; };
		AE85D7621368E34400CDA534 /* DirectoryView.xib in Resources */ = {isa = PBXBuildFile; fileRef = AE85D7601368E34400CDA534 /* DirectoryView.xib */; };
		AE85D7741368E75700CDA534 /* MapViewController.m in Sources */ = {isa = PBXBuildFile; fileRef = AE85D7721368E75700CDA534 /* MapViewController.m */; };
		AE85D7751368E75700CDA534 /* MapView.xib in Resources */ = {isa = PBXBuildFile; fileRef = AE85D7731368E75700CDA534 /* MapView.xib */; };
		AE85D7791368E84700CDA534 /* WeatherViewController.m in Sources */ = {isa = PBXBuildFile; fileRef = AE85D7771368E84600CDA534 /* WeatherViewController.m */; };
		AE85D77A1368E84700CDA534 /* WeatherView.xib in Resources */ = {isa = PBXBuildFile; fileRef = AE85D7781368E84600CDA534 /* WeatherView.xib */; };
		AE85D7841368EC5200CDA534 /* CoreLocation.framework in Frameworks */ = {isa = PBXBuildFile; fileRef = AE85D7831368EC5200CDA534 /* CoreLocation.framework */; };
		AE85D7861368EC5900CDA534 /* MapKit.framework in Frameworks */ = {isa = PBXBuildFile; fileRef = AE85D7851368EC5900CDA534 /* MapKit.framework */; };
		AE85D7921369298E00CDA534 /* WeatherDetails.m in Sources */ = {isa = PBXBuildFile; fileRef = AE85D7901369298E00CDA534 /* WeatherDetails.m */; };
		AE85D7931369298E00CDA534 /* WeatherDetails.xib in Resources */ = {isa = PBXBuildFile; fileRef = AE85D7911369298E00CDA534 /* WeatherDetails.xib */; };
		AE886D651370E2490056BDF4 /* POIAnnotation.m in Sources */ = {isa = PBXBuildFile; fileRef = AE886D641370E2490056BDF4 /* POIAnnotation.m */; };
		AED1EA091374F950008365D5 /* green.png in Resources */ = {isa = PBXBuildFile; fileRef = AED1EA081374F950008365D5 /* green.png */; };
		AED1EA0C1374F959008365D5 /* tee.png in Resources */ = {isa = PBXBuildFile; fileRef = AED1EA0B1374F959008365D5 /* tee.png */; };
		AED1EA1613750ECD008365D5 /* teeandgreen.png in Resources */ = {isa = PBXBuildFile; fileRef = AED1EA1513750ECC008365D5 /* teeandgreen.png */; };
		AED1EA1813750ED4008365D5 /* teeandgreen_ret.png in Resources */ = {isa = PBXBuildFile; fileRef = AED1EA1713750ED4008365D5 /* teeandgreen_ret.png */; };
/* End PBXBuildFile section */

/* Begin PBXFileReference section */
		AE85D73E1368E34400CDA534 /* ECaddy.app */ = {isa = PBXFileReference; explicitFileType = wrapper.application; includeInIndex = 0; path = ECaddy.app; sourceTree = BUILT_PRODUCTS_DIR; };
		AE85D7421368E34400CDA534 /* UIKit.framework */ = {isa = PBXFileReference; lastKnownFileType = wrapper.framework; name = UIKit.framework; path = System/Library/Frameworks/UIKit.framework; sourceTree = SDKROOT; };
		AE85D7441368E34400CDA534 /* Foundation.framework */ = {isa = PBXFileReference; lastKnownFileType = wrapper.framework; name = Foundation.framework; path = System/Library/Frameworks/Foundation.framework; sourceTree = SDKROOT; };
		AE85D7461368E34400CDA534 /* CoreGraphics.framework */ = {isa = PBXFileReference; lastKnownFileType = wrapper.framework; name = CoreGraphics.framework; path = System/Library/Frameworks/CoreGraphics.framework; sourceTree = SDKROOT; };
		AE85D74A1368E34400CDA534 /* ECaddy-Info.plist */ = {isa = PBXFileReference; lastKnownFileType = text.plist.xml; path = "ECaddy-Info.plist"; sourceTree = "<group>"; };
		AE85D74C1368E34400CDA534 /* en */ = {isa = PBXFileReference; lastKnownFileType = text.plist.strings; name = en; path = en.lproj/InfoPlist.strings; sourceTree = "<group>"; };
		AE85D74E1368E34400CDA534 /* ECaddy-Prefix.pch */ = {isa = PBXFileReference; lastKnownFileType = sourcecode.c.h; path = "ECaddy-Prefix.pch"; sourceTree = "<group>"; };
		AE85D74F1368E34400CDA534 /* main.m */ = {isa = PBXFileReference; lastKnownFileType = sourcecode.c.objc; path = main.m; sourceTree = "<group>"; };
		AE85D7511368E34400CDA534 /* ECaddyAppDelegate.h */ = {isa = PBXFileReference; lastKnownFileType = sourcecode.c.h; path = ECaddyAppDelegate.h; sourceTree = "<group>"; };
		AE85D7521368E34400CDA534 /* ECaddyAppDelegate.m */ = {isa = PBXFileReference; lastKnownFileType = sourcecode.c.objc; path = ECaddyAppDelegate.m; sourceTree = "<group>"; };
		AE85D7551368E34400CDA534 /* en */ = {isa = PBXFileReference; lastKnownFileType = file.xib; name = en; path = en.lproj/MainWindow.xib; sourceTree = "<group>"; };
		AE85D7571368E34400CDA534 /* ScorecardViewController.h */ = {isa = PBXFileReference; lastKnownFileType = sourcecode.c.h; path = ScorecardViewController.h; sourceTree = "<group>"; };
		AE85D7581368E34400CDA534 /* ScorecardViewController.m */ = {isa = PBXFileReference; lastKnownFileType = sourcecode.c.objc; path = ScorecardViewController.m; sourceTree = "<group>"; };
		AE85D75A1368E34400CDA534 /* DirectoryViewController.h */ = {isa = PBXFileReference; lastKnownFileType = sourcecode.c.h; path = DirectoryViewController.h; sourceTree = "<group>"; };
		AE85D75B1368E34400CDA534 /* DirectoryViewController.m */ = {isa = PBXFileReference; lastKnownFileType = sourcecode.c.objc; path = DirectoryViewController.m; sourceTree = "<group>"; };
		AE85D75E1368E34400CDA534 /* en */ = {isa = PBXFileReference; lastKnownFileType = file.xib; name = en; path = en.lproj/ScorecardView.xib; sourceTree = "<group>"; };
		AE85D7611368E34400CDA534 /* en */ = {isa = PBXFileReference; lastKnownFileType = file.xib; name = en; path = en.lproj/DirectoryView.xib; sourceTree = "<group>"; };
		AE85D7711368E75700CDA534 /* MapViewController.h */ = {isa = PBXFileReference; fileEncoding = 4; lastKnownFileType = sourcecode.c.h; path = MapViewController.h; sourceTree = "<group>"; };
		AE85D7721368E75700CDA534 /* MapViewController.m */ = {isa = PBXFileReference; fileEncoding = 4; lastKnownFileType = sourcecode.c.objc; path = MapViewController.m; sourceTree = "<group>"; };
		AE85D7731368E75700CDA534 /* MapView.xib */ = {isa = PBXFileReference; fileEncoding = 4; lastKnownFileType = file.xib; path = MapView.xib; sourceTree = "<group>"; };
		AE85D7761368E84600CDA534 /* WeatherViewController.h */ = {isa = PBXFileReference; fileEncoding = 4; lastKnownFileType = sourcecode.c.h; path = WeatherViewController.h; sourceTree = "<group>"; };
		AE85D7771368E84600CDA534 /* WeatherViewController.m */ = {isa = PBXFileReference; fileEncoding = 4; lastKnownFileType = sourcecode.c.objc; path = WeatherViewController.m; sourceTree = "<group>"; };
		AE85D7781368E84600CDA534 /* WeatherView.xib */ = {isa = PBXFileReference; fileEncoding = 4; lastKnownFileType = file.xib; path = WeatherView.xib; sourceTree = "<group>"; };
		AE85D7831368EC5200CDA534 /* CoreLocation.framework */ = {isa = PBXFileReference; lastKnownFileType = wrapper.framework; name = CoreLocation.framework; path = System/Library/Frameworks/CoreLocation.framework; sourceTree = SDKROOT; };
		AE85D7851368EC5900CDA534 /* MapKit.framework */ = {isa = PBXFileReference; lastKnownFileType = wrapper.framework; name = MapKit.framework; path = System/Library/Frameworks/MapKit.framework; sourceTree = SDKROOT; };
		AE85D78F1369298E00CDA534 /* WeatherDetails.h */ = {isa = PBXFileReference; fileEncoding = 4; lastKnownFileType = sourcecode.c.h; path = WeatherDetails.h; sourceTree = "<group>"; };
		AE85D7901369298E00CDA534 /* WeatherDetails.m */ = {isa = PBXFileReference; fileEncoding = 4; lastKnownFileType = sourcecode.c.objc; path = WeatherDetails.m; sourceTree = "<group>"; };
		AE85D7911369298E00CDA534 /* WeatherDetails.xib */ = {isa = PBXFileReference; fileEncoding = 4; lastKnownFileType = file.xib; path = WeatherDetails.xib; sourceTree = "<group>"; };
		AE886D621370E2400056BDF4 /* POIAnnotation.h */ = {isa = PBXFileReference; fileEncoding = 4; lastKnownFileType = sourcecode.c.h; path = POIAnnotation.h; sourceTree = "<group>"; };
		AE886D641370E2490056BDF4 /* POIAnnotation.m */ = {isa = PBXFileReference; fileEncoding = 4; lastKnownFileType = sourcecode.c.objc; path = POIAnnotation.m; sourceTree = "<group>"; };
		AED1EA081374F950008365D5 /* green.png */ = {isa = PBXFileReference; lastKnownFileType = image.png; path = green.png; sourceTree = "<group>"; };
		AED1EA0B1374F959008365D5 /* tee.png */ = {isa = PBXFileReference; lastKnownFileType = image.png; path = tee.png; sourceTree = "<group>"; };
		AED1EA1513750ECC008365D5 /* teeandgreen.png */ = {isa = PBXFileReference; lastKnownFileType = image.png; name = teeandgreen.png; path = ../teeandgreen.png; sourceTree = "<group>"; };
		AED1EA1713750ED4008365D5 /* teeandgreen_ret.png */ = {isa = PBXFileReference; lastKnownFileType = image.png; name = teeandgreen_ret.png; path = ../teeandgreen_ret.png; sourceTree = "<group>"; };
/* End PBXFileReference section */

/* Begin PBXFrameworksBuildPhase section */
		AE85D73B1368E34400CDA534 /* Frameworks */ = {
			isa = PBXFrameworksBuildPhase;
			buildActionMask = 2147483647;
			files = (
				AE85D7861368EC5900CDA534 /* MapKit.framework in Frameworks */,
				AE85D7841368EC5200CDA534 /* CoreLocation.framework in Frameworks */,
				AE85D7431368E34400CDA534 /* UIKit.framework in Frameworks */,
				AE85D7451368E34400CDA534 /* Foundation.framework in Frameworks */,
				AE85D7471368E34400CDA534 /* CoreGraphics.framework in Frameworks */,
			);
			runOnlyForDeploymentPostprocessing = 0;
		};
/* End PBXFrameworksBuildPhase section */

/* Begin PBXGroup section */
		AE85D7331368E34400CDA534 = {
			isa = PBXGroup;
			children = (
				AE85D7481368E34400CDA534 /* ECaddy */,
				AE85D7411368E34400CDA534 /* Frameworks */,
				AE85D73F1368E34400CDA534 /* Products */,
			);
			sourceTree = "<group>";
		};
		AE85D73F1368E34400CDA534 /* Products */ = {
			isa = PBXGroup;
			children = (
				AE85D73E1368E34400CDA534 /* ECaddy.app */,
			);
			name = Products;
			sourceTree = "<group>";
		};
		AE85D7411368E34400CDA534 /* Frameworks */ = {
			isa = PBXGroup;
			children = (
				AE85D7851368EC5900CDA534 /* MapKit.framework */,
				AE85D7831368EC5200CDA534 /* CoreLocation.framework */,
				AE85D7421368E34400CDA534 /* UIKit.framework */,
				AE85D7441368E34400CDA534 /* Foundation.framework */,
				AE85D7461368E34400CDA534 /* CoreGraphics.framework */,
			);
			name = Frameworks;
			sourceTree = "<group>";
		};
		AE85D7481368E34400CDA534 /* ECaddy */ = {
			isa = PBXGroup;
			children = (
				AE85D7511368E34400CDA534 /* ECaddyAppDelegate.h */,
				AE85D7521368E34400CDA534 /* ECaddyAppDelegate.m */,
				AE85D7571368E34400CDA534 /* ScorecardViewController.h */,
				AE85D7581368E34400CDA534 /* ScorecardViewController.m */,
				AE85D75A1368E34400CDA534 /* DirectoryViewController.h */,
				AE85D75B1368E34400CDA534 /* DirectoryViewController.m */,
				AE85D7711368E75700CDA534 /* MapViewController.h */,
				AE85D7721368E75700CDA534 /* MapViewController.m */,
				AE886D621370E2400056BDF4 /* POIAnnotation.h */,
				AE886D641370E2490056BDF4 /* POIAnnotation.m */,
				AE85D7761368E84600CDA534 /* WeatherViewController.h */,
				AE85D7771368E84600CDA534 /* WeatherViewController.m */,
				AE85D78F1369298E00CDA534 /* WeatherDetails.h */,
				AE85D7901369298E00CDA534 /* WeatherDetails.m */,
				AE85D7541368E34400CDA534 /* MainWindow.xib */,
				AE85D75D1368E34400CDA534 /* ScorecardView.xib */,
				AE85D7601368E34400CDA534 /* DirectoryView.xib */,
				AE85D7731368E75700CDA534 /* MapView.xib */,
				AE85D7781368E84600CDA534 /* WeatherView.xib */,
				AE85D7911369298E00CDA534 /* WeatherDetails.xib */,
				AED1EA081374F950008365D5 /* green.png */,
				AED1EA0B1374F959008365D5 /* tee.png */,
				AED1EA1513750ECC008365D5 /* teeandgreen.png */,
				AED1EA1713750ED4008365D5 /* teeandgreen_ret.png */,
				AE85D7491368E34400CDA534 /* Supporting Files */,
			);
			path = ECaddy;
			sourceTree = "<group>";
		};
		AE85D7491368E34400CDA534 /* Supporting Files */ = {
			isa = PBXGroup;
			children = (
				AE85D74A1368E34400CDA534 /* ECaddy-Info.plist */,
				AE85D74B1368E34400CDA534 /* InfoPlist.strings */,
				AE85D74E1368E34400CDA534 /* ECaddy-Prefix.pch */,
				AE85D74F1368E34400CDA534 /* main.m */,
			);
			name = "Supporting Files";
			sourceTree = "<group>";
		};
/* End PBXGroup section */

/* Begin PBXNativeTarget section */
		AE85D73D1368E34400CDA534 /* ECaddy */ = {
			isa = PBXNativeTarget;
			buildConfigurationList = AE85D7651368E34400CDA534 /* Build configuration list for PBXNativeTarget "ECaddy" */;
			buildPhases = (
				AE85D73A1368E34400CDA534 /* Sources */,
				AE85D73B1368E34400CDA534 /* Frameworks */,
				AE85D73C1368E34400CDA534 /* Resources */,
			);
			buildRules = (
			);
			dependencies = (
			);
			name = ECaddy;
			productName = ECaddy;
			productReference = AE85D73E1368E34400CDA534 /* ECaddy.app */;
			productType = "com.apple.product-type.application";
		};
/* End PBXNativeTarget section */

/* Begin PBXProject section */
		AE85D7351368E34400CDA534 /* Project object */ = {
			isa = PBXProject;
			buildConfigurationList = AE85D7381368E34400CDA534 /* Build configuration list for PBXProject "ECaddy" */;
			compatibilityVersion = "Xcode 3.2";
			developmentRegion = English;
			hasScannedForEncodings = 0;
			knownRegions = (
				en,
			);
			mainGroup = AE85D7331368E34400CDA534;
			productRefGroup = AE85D73F1368E34400CDA534 /* Products */;
			projectDirPath = "";
			projectRoot = "";
			targets = (
				AE85D73D1368E34400CDA534 /* ECaddy */,
			);
		};
/* End PBXProject section */

/* Begin PBXResourcesBuildPhase section */
		AE85D73C1368E34400CDA534 /* Resources */ = {
			isa = PBXResourcesBuildPhase;
			buildActionMask = 2147483647;
			files = (
				AE85D74D1368E34400CDA534 /* InfoPlist.strings in Resources */,
				AE85D7561368E34400CDA534 /* MainWindow.xib in Resources */,
				AE85D75F1368E34400CDA534 /* ScorecardView.xib in Resources */,
				AE85D7621368E34400CDA534 /* DirectoryView.xib in Resources */,
				AE85D7751368E75700CDA534 /* MapView.xib in Resources */,
				AE85D77A1368E84700CDA534 /* WeatherView.xib in Resources */,
				AE85D7931369298E00CDA534 /* WeatherDetails.xib in Resources */,
				AED1EA091374F950008365D5 /* green.png in Resources */,
				AED1EA0C1374F959008365D5 /* tee.png in Resources */,
				AED1EA1613750ECD008365D5 /* teeandgreen.png in Resources */,
				AED1EA1813750ED4008365D5 /* teeandgreen_ret.png in Resources */,
			);
			runOnlyForDeploymentPostprocessing = 0;
		};
/* End PBXResourcesBuildPhase section */

/* Begin PBXSourcesBuildPhase section */
		AE85D73A1368E34400CDA534 /* Sources */ = {
			isa = PBXSourcesBuildPhase;
			buildActionMask = 2147483647;
			files = (
				AE85D7501368E34400CDA534 /* main.m in Sources */,
				AE85D7531368E34400CDA534 /* ECaddyAppDelegate.m in Sources */,
				AE85D7591368E34400CDA534 /* ScorecardViewController.m in Sources */,
				AE85D75C1368E34400CDA534 /* DirectoryViewController.m in Sources */,
				AE85D7741368E75700CDA534 /* MapViewController.m in Sources */,
				AE85D7791368E84700CDA534 /* WeatherViewController.m in Sources */,
				AE85D7921369298E00CDA534 /* WeatherDetails.m in Sources */,
				AE886D651370E2490056BDF4 /* POIAnnotation.m in Sources */,
			);
			runOnlyForDeploymentPostprocessing = 0;
		};
/* End PBXSourcesBuildPhase section */

/* Begin PBXVariantGroup section */
		AE85D74B1368E34400CDA534 /* InfoPlist.strings */ = {
			isa = PBXVariantGroup;
			children = (
				AE85D74C1368E34400CDA534 /* en */,
			);
			name = InfoPlist.strings;
			sourceTree = "<group>";
		};
		AE85D7541368E34400CDA534 /* MainWindow.xib */ = {
			isa = PBXVariantGroup;
			children = (
				AE85D7551368E34400CDA534 /* en */,
			);
			name = MainWindow.xib;
			sourceTree = "<group>";
		};
		AE85D75D1368E34400CDA534 /* ScorecardView.xib */ = {
			isa = PBXVariantGroup;
			children = (
				AE85D75E1368E34400CDA534 /* en */,
			);
			name = ScorecardView.xib;
			sourceTree = "<group>";
		};
		AE85D7601368E34400CDA534 /* DirectoryView.xib */ = {
			isa = PBXVariantGroup;
			children = (
				AE85D7611368E34400CDA534 /* en */,
			);
			name = DirectoryView.xib;
			sourceTree = "<group>";
		};
/* End PBXVariantGroup section */

/* Begin XCBuildConfiguration section */
		AE85D7631368E34400CDA534 /* Debug */ = {
			isa = XCBuildConfiguration;
			buildSettings = {
				ARCHS = "$(ARCHS_STANDARD_32_BIT)";
				"CODE_SIGN_IDENTITY[sdk=iphoneos*]" = "";
				GCC_C_LANGUAGE_STANDARD = gnu99;
				GCC_OPTIMIZATION_LEVEL = 0;
				GCC_PREPROCESSOR_DEFINITIONS = DEBUG;
				GCC_SYMBOLS_PRIVATE_EXTERN = NO;
				GCC_VERSION = com.apple.compilers.llvmgcc42;
				GCC_WARN_ABOUT_RETURN_TYPE = YES;
				GCC_WARN_UNUSED_VARIABLE = YES;
				IPHONEOS_DEPLOYMENT_TARGET = 4.3;
				SDKROOT = iphoneos;
			};
			name = Debug;
		};
		AE85D7641368E34400CDA534 /* Release */ = {
			isa = XCBuildConfiguration;
			buildSettings = {
				ARCHS = "$(ARCHS_STANDARD_32_BIT)";
				"CODE_SIGN_IDENTITY[sdk=iphoneos*]" = "";
				GCC_C_LANGUAGE_STANDARD = gnu99;
				GCC_VERSION = com.apple.compilers.llvmgcc42;
				GCC_WARN_ABOUT_RETURN_TYPE = YES;
				GCC_WARN_UNUSED_VARIABLE = YES;
				IPHONEOS_DEPLOYMENT_TARGET = 4.3;
				OTHER_CFLAGS = "-DNS_BLOCK_ASSERTIONS=1";
				SDKROOT = iphoneos;
			};
			name = Release;
		};
		AE85D7661368E34400CDA534 /* Debug */ = {
			isa = XCBuildConfiguration;
			buildSettings = {
				ALWAYS_SEARCH_USER_PATHS = NO;
				COPY_PHASE_STRIP = NO;
				GCC_DYNAMIC_NO_PIC = NO;
				GCC_PRECOMPILE_PREFIX_HEADER = YES;
				GCC_PREFIX_HEADER = "ECaddy/ECaddy-Prefix.pch";
				INFOPLIST_FILE = "ECaddy/ECaddy-Info.plist";
				PRODUCT_NAME = "$(TARGET_NAME)";
				WRAPPER_EXTENSION = app;
			};
			name = Debug;
		};
		AE85D7671368E34400CDA534 /* Release */ = {
			isa = XCBuildConfiguration;
			buildSettings = {
				ALWAYS_SEARCH_USER_PATHS = NO;
				COPY_PHASE_STRIP = YES;
				GCC_PRECOMPILE_PREFIX_HEADER = YES;
				GCC_PREFIX_HEADER = "ECaddy/ECaddy-Prefix.pch";
				INFOPLIST_FILE = "ECaddy/ECaddy-Info.plist";
				PRODUCT_NAME = "$(TARGET_NAME)";
				VALIDATE_PRODUCT = YES;
				WRAPPER_EXTENSION = app;
			};
			name = Release;
		};
/* End XCBuildConfiguration section */

/* Begin XCConfigurationList section */
		AE85D7381368E34400CDA534 /* Build configuration list for PBXProject "ECaddy" */ = {
			isa = XCConfigurationList;
			buildConfigurations = (
				AE85D7631368E34400CDA534 /* Debug */,
				AE85D7641368E34400CDA534 /* Release */,
			);
			defaultConfigurationIsVisible = 0;
			defaultConfigurationName = Release;
		};
		AE85D7651368E34400CDA534 /* Build configuration list for PBXNativeTarget "ECaddy" */ = {
			isa = XCConfigurationList;
			buildConfigurations = (
				AE85D7661368E34400CDA534 /* Debug */,
				AE85D7671368E34400CDA534 /* Release */,
			);
			defaultConfigurationIsVisible = 0;
			defaultConfigurationName = Release;
		};
/* End XCConfigurationList section */
	};
	rootObject = AE85D7351368E34400CDA534 /* Project object */;
}
