// !$*UTF8*$!
{
	archiveVersion = 1;
	classes = {
	};
	objectVersion = 46;
	objects = {

/* Begin PBXBuildFile section */
		AE38B0B713BE4C6900D7F9FA /* scorecard_tab.png in Resources */ = {isa = PBXBuildFile; fileRef = AE38B0B513BE4C6900D7F9FA /* scorecard_tab.png */; };
		AE38B0B813BE4C6900D7F9FA /* scorecard_tab@2x.png in Resources */ = {isa = PBXBuildFile; fileRef = AE38B0B613BE4C6900D7F9FA /* scorecard_tab@2x.png */; };
		AE3D287413B99CB10054903D /* ScorecardTableViewController.m in Sources */ = {isa = PBXBuildFile; fileRef = AE3D287213B99CB00054903D /* ScorecardTableViewController.m */; };
		AE3D287513B99CB10054903D /* ScorecardTableView.xib in Resources */ = {isa = PBXBuildFile; fileRef = AE3D287313B99CB00054903D /* ScorecardTableView.xib */; };
		AE5287AB13D52657004D4370 /* wind_arrow.png in Resources */ = {isa = PBXBuildFile; fileRef = AE5287AA13D52657004D4370 /* wind_arrow.png */; };
		AE7F932813835FC9003CCD57 /* stateabbrs.txt in Resources */ = {isa = PBXBuildFile; fileRef = AE7F932713835FC9003CCD57 /* stateabbrs.txt */; };
		AE7F932B13836621003CCD57 /* StateDirView.xib in Resources */ = {isa = PBXBuildFile; fileRef = AE7F932A13836621003CCD57 /* StateDirView.xib */; };
		AE816DC1137B7E140023F5D7 /* NSDataAdditions.m in Sources */ = {isa = PBXBuildFile; fileRef = AE816DBE137B7E140023F5D7 /* NSDataAdditions.m */; };
		AE816DC2137B7E140023F5D7 /* TBXML.m in Sources */ = {isa = PBXBuildFile; fileRef = AE816DC0137B7E140023F5D7 /* TBXML.m */; };
		AE816DC4137B7E670023F5D7 /* libz.dylib in Frameworks */ = {isa = PBXBuildFile; fileRef = AE816DC3137B7E670023F5D7 /* libz.dylib */; };
		AE834A7F13A3F6AC00EFF1DB /* ScorecardTableCell.m in Sources */ = {isa = PBXBuildFile; fileRef = AE834A7E13A3F6AC00EFF1DB /* ScorecardTableCell.m */; };
		AE85D7431368E34400CDA534 /* UIKit.framework in Frameworks */ = {isa = PBXBuildFile; fileRef = AE85D7421368E34400CDA534 /* UIKit.framework */; };
		AE85D7451368E34400CDA534 /* Foundation.framework in Frameworks */ = {isa = PBXBuildFile; fileRef = AE85D7441368E34400CDA534 /* Foundation.framework */; };
		AE85D7471368E34400CDA534 /* CoreGraphics.framework in Frameworks */ = {isa = PBXBuildFile; fileRef = AE85D7461368E34400CDA534 /* CoreGraphics.framework */; };
		AE85D74D1368E34400CDA534 /* InfoPlist.strings in Resources */ = {isa = PBXBuildFile; fileRef = AE85D74B1368E34400CDA534 /* InfoPlist.strings */; };
		AE85D7501368E34400CDA534 /* main.m in Sources */ = {isa = PBXBuildFile; fileRef = AE85D74F1368E34400CDA534 /* main.m */; };
		AE85D7531368E34400CDA534 /* ECaddyAppDelegate.m in Sources */ = {isa = PBXBuildFile; fileRef = AE85D7521368E34400CDA534 /* ECaddyAppDelegate.m */; };
		AE85D7561368E34400CDA534 /* MainWindow.xib in Resources */ = {isa = PBXBuildFile; fileRef = AE85D7541368E34400CDA534 /* MainWindow.xib */; };
		AE85D7591368E34400CDA534 /* ScorecardViewController.m in Sources */ = {isa = PBXBuildFile; fileRef = AE85D7581368E34400CDA534 /* ScorecardViewController.m */; };
		AE85D75C1368E34400CDA534 /* DirectoryViewController.m in Sources */ = {isa = PBXBuildFile; fileRef = AE85D75B1368E34400CDA534 /* DirectoryViewController.m */; };
		AE85D75F1368E34400CDA534 /* ScorecardView.xib in Resources */ = {isa = PBXBuildFile; fileRef = AE85D75D1368E34400CDA534 /* ScorecardView.xib */; };
		AE85D7621368E34400CDA534 /* CourseSelectView.xib in Resources */ = {isa = PBXBuildFile; fileRef = AE85D7601368E34400CDA534 /* CourseSelectView.xib */; };
		AE85D7741368E75700CDA534 /* MapViewController.m in Sources */ = {isa = PBXBuildFile; fileRef = AE85D7721368E75700CDA534 /* MapViewController.m */; };
		AE85D7751368E75700CDA534 /* MapView.xib in Resources */ = {isa = PBXBuildFile; fileRef = AE85D7731368E75700CDA534 /* MapView.xib */; };
		AE85D7841368EC5200CDA534 /* CoreLocation.framework in Frameworks */ = {isa = PBXBuildFile; fileRef = AE85D7831368EC5200CDA534 /* CoreLocation.framework */; };
		AE85D7861368EC5900CDA534 /* MapKit.framework in Frameworks */ = {isa = PBXBuildFile; fileRef = AE85D7851368EC5900CDA534 /* MapKit.framework */; };
		AE85D7921369298E00CDA534 /* WeatherDetails.m in Sources */ = {isa = PBXBuildFile; fileRef = AE85D7901369298E00CDA534 /* WeatherDetails.m */; };
		AE85D7931369298E00CDA534 /* WeatherDetails.xib in Resources */ = {isa = PBXBuildFile; fileRef = AE85D7911369298E00CDA534 /* WeatherDetails.xib */; };
		AE880E6913A1ACBE00824DF6 /* HeaderFooterView.m in Sources */ = {isa = PBXBuildFile; fileRef = AE880E6813A1ACBE00824DF6 /* HeaderFooterView.m */; };
		AE8832FB13BE4FFA0040FAE9 /* directory_tab.png in Resources */ = {isa = PBXBuildFile; fileRef = AE8832F913BE4FFA0040FAE9 /* directory_tab.png */; };
		AE8832FC13BE4FFA0040FAE9 /* directory_tab@2x.png in Resources */ = {isa = PBXBuildFile; fileRef = AE8832FA13BE4FFA0040FAE9 /* directory_tab@2x.png */; };
		AE886D651370E2490056BDF4 /* POIAnnotation.m in Sources */ = {isa = PBXBuildFile; fileRef = AE886D641370E2490056BDF4 /* POIAnnotation.m */; };
		AE8A215213BABA8C001F4F3C /* iAd.framework in Frameworks */ = {isa = PBXBuildFile; fileRef = AE8A215113BABA8C001F4F3C /* iAd.framework */; };
		AE8B65B413B24995005EFFE7 /* QuartzCore.framework in Frameworks */ = {isa = PBXBuildFile; fileRef = AE8B65B313B24995005EFFE7 /* QuartzCore.framework */; };
		AE8DD06813B033ED00D7FCB3 /* NameEditView.xib in Resources */ = {isa = PBXBuildFile; fileRef = AE8DD06713B033ED00D7FCB3 /* NameEditView.xib */; };
		AE8DD06D13B034A700D7FCB3 /* SettingsDetailsViewController.m in Sources */ = {isa = PBXBuildFile; fileRef = AE8DD06B13B034A700D7FCB3 /* SettingsDetailsViewController.m */; };
		AE8DD07013B05EB900D7FCB3 /* HideStateView.xib in Resources */ = {isa = PBXBuildFile; fileRef = AE8DD06F13B05EB900D7FCB3 /* HideStateView.xib */; };
		AE8E2C1A139886630098A426 /* NewRoundViewController.m in Sources */ = {isa = PBXBuildFile; fileRef = AE8E2C18139886630098A426 /* NewRoundViewController.m */; };
		AE8E2C1B139886630098A426 /* NewRoundView.xib in Resources */ = {isa = PBXBuildFile; fileRef = AE8E2C19139886630098A426 /* NewRoundView.xib */; };
		AE8F3D3E13A6D3B000C9DB74 /* sadweather.png in Resources */ = {isa = PBXBuildFile; fileRef = AE8F3D3D13A6D3B000C9DB74 /* sadweather.png */; };
		AE8FE58E1384A96900EE8E66 /* CourseSelectViewController.m in Sources */ = {isa = PBXBuildFile; fileRef = AE8FE58C1384A96900EE8E66 /* CourseSelectViewController.m */; };
		AE9006A013A9C6B3008247BF /* SettingsViewController.m in Sources */ = {isa = PBXBuildFile; fileRef = AE90069E13A9C6B3008247BF /* SettingsViewController.m */; };
		AE9006A113A9C6B3008247BF /* SettingsView.xib in Resources */ = {isa = PBXBuildFile; fileRef = AE90069F13A9C6B3008247BF /* SettingsView.xib */; };
		AE90A58313A5C1D100F87850 /* favstar_selected.png in Resources */ = {isa = PBXBuildFile; fileRef = AE90A58213A5C1D100F87850 /* favstar_selected.png */; };
		AE90A58613A5C37000F87850 /* favstar_deselected.png in Resources */ = {isa = PBXBuildFile; fileRef = AE90A58513A5C37000F87850 /* favstar_deselected.png */; };
		AE9177F5139AC17300AC5706 /* Course.m in Sources */ = {isa = PBXBuildFile; fileRef = AE9177F4139AC17300AC5706 /* Course.m */; };
		AE9177F8139AC17400AC5706 /* Scorecard.m in Sources */ = {isa = PBXBuildFile; fileRef = AE9177F7139AC17400AC5706 /* Scorecard.m */; };
		AE9427CE13821ABF0047EBA4 /* CoreData.framework in Frameworks */ = {isa = PBXBuildFile; fileRef = AE9427CD13821ABF0047EBA4 /* CoreData.framework */; };
		AEA35AE81384CE7600111BAA /* CourseDetailViewController.m in Sources */ = {isa = PBXBuildFile; fileRef = AEA35AE61384CE7600111BAA /* CourseDetailViewController.m */; };
		AEA35AE91384CE7600111BAA /* CourseDetailView.xib in Resources */ = {isa = PBXBuildFile; fileRef = AEA35AE71384CE7600111BAA /* CourseDetailView.xib */; };
		AEA9932A139DBF8800DD723C /* ScoreTrackerViewController.m in Sources */ = {isa = PBXBuildFile; fileRef = AEA99328139DBF8700DD723C /* ScoreTrackerViewController.m */; };
		AEA9932B139DBF8800DD723C /* ScoreTrackerView.xib in Resources */ = {isa = PBXBuildFile; fileRef = AEA99329139DBF8800DD723C /* ScoreTrackerView.xib */; };
		AED0778A13CD58B600290053 /* ECaddy.sqlite in Resources */ = {isa = PBXBuildFile; fileRef = AED0778913CD58B600290053 /* ECaddy.sqlite */; };
		AED1EA091374F950008365D5 /* green.png in Resources */ = {isa = PBXBuildFile; fileRef = AED1EA081374F950008365D5 /* green.png */; };
		AED1EA0C1374F959008365D5 /* tee.png in Resources */ = {isa = PBXBuildFile; fileRef = AED1EA0B1374F959008365D5 /* tee.png */; };
		AED1EA1613750ECD008365D5 /* teeandgreen.png in Resources */ = {isa = PBXBuildFile; fileRef = AED1EA1513750ECC008365D5 /* teeandgreen.png */; };
		AED1EA1813750ED4008365D5 /* teeandgreen_ret.png in Resources */ = {isa = PBXBuildFile; fileRef = AED1EA1713750ED4008365D5 /* teeandgreen_ret.png */; };
		AEE5301013C394DC003C866C /* CustomCourseView.xib in Resources */ = {isa = PBXBuildFile; fileRef = AEE5300F13C394DC003C866C /* CustomCourseView.xib */; };
		AEE5301513C39AE4003C866C /* CustomCourseViewController.m in Sources */ = {isa = PBXBuildFile; fileRef = AEE5301313C39AE3003C866C /* CustomCourseViewController.m */; };
		AEEE90BC13C1650100B8BBD8 /* Facebook.m in Sources */ = {isa = PBXBuildFile; fileRef = AEEE909513C1650100B8BBD8 /* Facebook.m */; };
		AEEE90BD13C1650100B8BBD8 /* FBDialog.bundle in Resources */ = {isa = PBXBuildFile; fileRef = AEEE909813C1650100B8BBD8 /* FBDialog.bundle */; };
		AEEE90BE13C1650100B8BBD8 /* FBDialog.m in Sources */ = {isa = PBXBuildFile; fileRef = AEEE909A13C1650100B8BBD8 /* FBDialog.m */; };
		AEEE90BF13C1650100B8BBD8 /* FBLoginDialog.m in Sources */ = {isa = PBXBuildFile; fileRef = AEEE909C13C1650100B8BBD8 /* FBLoginDialog.m */; };
		AEEE90C013C1650100B8BBD8 /* FBRequest.m in Sources */ = {isa = PBXBuildFile; fileRef = AEEE909E13C1650100B8BBD8 /* FBRequest.m */; };
		AEEE90C113C1650100B8BBD8 /* NSObject+SBJSON.m in Sources */ = {isa = PBXBuildFile; fileRef = AEEE90A213C1650100B8BBD8 /* NSObject+SBJSON.m */; };
		AEEE90C213C1650100B8BBD8 /* NSString+SBJSON.m in Sources */ = {isa = PBXBuildFile; fileRef = AEEE90A413C1650100B8BBD8 /* NSString+SBJSON.m */; };
		AEEE90C313C1650100B8BBD8 /* SBJSON.m in Sources */ = {isa = PBXBuildFile; fileRef = AEEE90A613C1650100B8BBD8 /* SBJSON.m */; };
		AEEE90C413C1650100B8BBD8 /* SBJsonBase.m in Sources */ = {isa = PBXBuildFile; fileRef = AEEE90A813C1650100B8BBD8 /* SBJsonBase.m */; };
		AEEE90C513C1650100B8BBD8 /* SBJsonParser.m in Sources */ = {isa = PBXBuildFile; fileRef = AEEE90AA13C1650100B8BBD8 /* SBJsonParser.m */; };
		AEEE90C613C1650100B8BBD8 /* SBJsonWriter.m in Sources */ = {isa = PBXBuildFile; fileRef = AEEE90AC13C1650100B8BBD8 /* SBJsonWriter.m */; };
		AEFE6F151381BB60002B1AA3 /* coursemodel.xcdatamodeld in Sources */ = {isa = PBXBuildFile; fileRef = AEFE6F131381BB60002B1AA3 /* coursemodel.xcdatamodeld */; };
/* End PBXBuildFile section */

/* Begin PBXFileReference section */
		AE38B0B513BE4C6900D7F9FA /* scorecard_tab.png */ = {isa = PBXFileReference; lastKnownFileType = image.png; path = scorecard_tab.png; sourceTree = "<group>"; };
		AE38B0B613BE4C6900D7F9FA /* scorecard_tab@2x.png */ = {isa = PBXFileReference; lastKnownFileType = image.png; path = "scorecard_tab@2x.png"; sourceTree = "<group>"; };
		AE3D287113B99CAF0054903D /* ScorecardTableViewController.h */ = {isa = PBXFileReference; fileEncoding = 4; lastKnownFileType = sourcecode.c.h; path = ScorecardTableViewController.h; sourceTree = "<group>"; };
		AE3D287213B99CB00054903D /* ScorecardTableViewController.m */ = {isa = PBXFileReference; fileEncoding = 4; lastKnownFileType = sourcecode.c.objc; path = ScorecardTableViewController.m; sourceTree = "<group>"; };
		AE3D287313B99CB00054903D /* ScorecardTableView.xib */ = {isa = PBXFileReference; fileEncoding = 4; lastKnownFileType = file.xib; path = ScorecardTableView.xib; sourceTree = "<group>"; };
		AE5287AA13D52657004D4370 /* wind_arrow.png */ = {isa = PBXFileReference; lastKnownFileType = image.png; path = wind_arrow.png; sourceTree = "<group>"; };
		AE7F932713835FC9003CCD57 /* stateabbrs.txt */ = {isa = PBXFileReference; fileEncoding = 4; lastKnownFileType = text; path = stateabbrs.txt; sourceTree = "<group>"; };
		AE7F932A13836621003CCD57 /* StateDirView.xib */ = {isa = PBXFileReference; fileEncoding = 4; lastKnownFileType = file.xib; path = StateDirView.xib; sourceTree = "<group>"; };
		AE816DBD137B7E140023F5D7 /* NSDataAdditions.h */ = {isa = PBXFileReference; fileEncoding = 4; lastKnownFileType = sourcecode.c.h; path = NSDataAdditions.h; sourceTree = "<group>"; };
		AE816DBE137B7E140023F5D7 /* NSDataAdditions.m */ = {isa = PBXFileReference; fileEncoding = 4; lastKnownFileType = sourcecode.c.objc; path = NSDataAdditions.m; sourceTree = "<group>"; };
		AE816DBF137B7E140023F5D7 /* TBXML.h */ = {isa = PBXFileReference; fileEncoding = 4; lastKnownFileType = sourcecode.c.h; path = TBXML.h; sourceTree = "<group>"; };
		AE816DC0137B7E140023F5D7 /* TBXML.m */ = {isa = PBXFileReference; fileEncoding = 4; lastKnownFileType = sourcecode.c.objc; path = TBXML.m; sourceTree = "<group>"; };
		AE816DC3137B7E670023F5D7 /* libz.dylib */ = {isa = PBXFileReference; lastKnownFileType = "compiled.mach-o.dylib"; name = libz.dylib; path = usr/lib/libz.dylib; sourceTree = SDKROOT; };
		AE834A7D13A3F6AC00EFF1DB /* ScorecardTableCell.h */ = {isa = PBXFileReference; fileEncoding = 4; lastKnownFileType = sourcecode.c.h; path = ScorecardTableCell.h; sourceTree = "<group>"; };
		AE834A7E13A3F6AC00EFF1DB /* ScorecardTableCell.m */ = {isa = PBXFileReference; fileEncoding = 4; lastKnownFileType = sourcecode.c.objc; path = ScorecardTableCell.m; sourceTree = "<group>"; };
		AE85D73E1368E34400CDA534 /* ECaddy.app */ = {isa = PBXFileReference; explicitFileType = wrapper.application; includeInIndex = 0; path = ECaddy.app; sourceTree = BUILT_PRODUCTS_DIR; };
		AE85D7421368E34400CDA534 /* UIKit.framework */ = {isa = PBXFileReference; lastKnownFileType = wrapper.framework; name = UIKit.framework; path = System/Library/Frameworks/UIKit.framework; sourceTree = SDKROOT; };
		AE85D7441368E34400CDA534 /* Foundation.framework */ = {isa = PBXFileReference; lastKnownFileType = wrapper.framework; name = Foundation.framework; path = System/Library/Frameworks/Foundation.framework; sourceTree = SDKROOT; };
		AE85D7461368E34400CDA534 /* CoreGraphics.framework */ = {isa = PBXFileReference; lastKnownFileType = wrapper.framework; name = CoreGraphics.framework; path = System/Library/Frameworks/CoreGraphics.framework; sourceTree = SDKROOT; };
		AE85D74A1368E34400CDA534 /* ECaddy-Info.plist */ = {isa = PBXFileReference; lastKnownFileType = text.plist.xml; path = "ECaddy-Info.plist"; sourceTree = "<group>"; };
		AE85D74C1368E34400CDA534 /* en */ = {isa = PBXFileReference; lastKnownFileType = text.plist.strings; name = en; path = en.lproj/InfoPlist.strings; sourceTree = "<group>"; };
		AE85D74E1368E34400CDA534 /* ECaddy-Prefix.pch */ = {isa = PBXFileReference; lastKnownFileType = sourcecode.c.h; path = "ECaddy-Prefix.pch"; sourceTree = "<group>"; };
		AE85D74F1368E34400CDA534 /* main.m */ = {isa = PBXFileReference; lastKnownFileType = sourcecode.c.objc; path = main.m; sourceTree = "<group>"; };
		AE85D7511368E34400CDA534 /* ECaddyAppDelegate.h */ = {isa = PBXFileReference; lastKnownFileType = sourcecode.c.h; path = ECaddyAppDelegate.h; sourceTree = "<group>"; };
		AE85D7521368E34400CDA534 /* ECaddyAppDelegate.m */ = {isa = PBXFileReference; lastKnownFileType = sourcecode.c.objc; path = ECaddyAppDelegate.m; sourceTree = "<group>"; };
		AE85D7551368E34400CDA534 /* en */ = {isa = PBXFileReference; lastKnownFileType = file.xib; name = en; path = en.lproj/MainWindow.xib; sourceTree = "<group>"; };
		AE85D7571368E34400CDA534 /* ScorecardViewController.h */ = {isa = PBXFileReference; lastKnownFileType = sourcecode.c.h; path = ScorecardViewController.h; sourceTree = "<group>"; };
		AE85D7581368E34400CDA534 /* ScorecardViewController.m */ = {isa = PBXFileReference; lastKnownFileType = sourcecode.c.objc; path = ScorecardViewController.m; sourceTree = "<group>"; };
		AE85D75A1368E34400CDA534 /* DirectoryViewController.h */ = {isa = PBXFileReference; lastKnownFileType = sourcecode.c.h; path = DirectoryViewController.h; sourceTree = "<group>"; };
		AE85D75B1368E34400CDA534 /* DirectoryViewController.m */ = {isa = PBXFileReference; lastKnownFileType = sourcecode.c.objc; path = DirectoryViewController.m; sourceTree = "<group>"; };
		AE85D75E1368E34400CDA534 /* en */ = {isa = PBXFileReference; lastKnownFileType = file.xib; name = en; path = en.lproj/ScorecardView.xib; sourceTree = "<group>"; };
		AE85D7611368E34400CDA534 /* en */ = {isa = PBXFileReference; lastKnownFileType = file.xib; name = en; path = en.lproj/CourseSelectView.xib; sourceTree = "<group>"; };
		AE85D7711368E75700CDA534 /* MapViewController.h */ = {isa = PBXFileReference; fileEncoding = 4; lastKnownFileType = sourcecode.c.h; path = MapViewController.h; sourceTree = "<group>"; };
		AE85D7721368E75700CDA534 /* MapViewController.m */ = {isa = PBXFileReference; fileEncoding = 4; lastKnownFileType = sourcecode.c.objc; path = MapViewController.m; sourceTree = "<group>"; };
		AE85D7731368E75700CDA534 /* MapView.xib */ = {isa = PBXFileReference; fileEncoding = 4; lastKnownFileType = file.xib; path = MapView.xib; sourceTree = "<group>"; };
		AE85D7831368EC5200CDA534 /* CoreLocation.framework */ = {isa = PBXFileReference; lastKnownFileType = wrapper.framework; name = CoreLocation.framework; path = System/Library/Frameworks/CoreLocation.framework; sourceTree = SDKROOT; };
		AE85D7851368EC5900CDA534 /* MapKit.framework */ = {isa = PBXFileReference; lastKnownFileType = wrapper.framework; name = MapKit.framework; path = System/Library/Frameworks/MapKit.framework; sourceTree = SDKROOT; };
		AE85D78F1369298E00CDA534 /* WeatherDetails.h */ = {isa = PBXFileReference; fileEncoding = 4; lastKnownFileType = sourcecode.c.h; path = WeatherDetails.h; sourceTree = "<group>"; };
		AE85D7901369298E00CDA534 /* WeatherDetails.m */ = {isa = PBXFileReference; fileEncoding = 4; lastKnownFileType = sourcecode.c.objc; path = WeatherDetails.m; sourceTree = "<group>"; };
		AE85D7911369298E00CDA534 /* WeatherDetails.xib */ = {isa = PBXFileReference; fileEncoding = 4; lastKnownFileType = file.xib; path = WeatherDetails.xib; sourceTree = "<group>"; };
		AE880E6713A1ACBE00824DF6 /* HeaderFooterView.h */ = {isa = PBXFileReference; fileEncoding = 4; lastKnownFileType = sourcecode.c.h; path = HeaderFooterView.h; sourceTree = "<group>"; };
		AE880E6813A1ACBE00824DF6 /* HeaderFooterView.m */ = {isa = PBXFileReference; fileEncoding = 4; lastKnownFileType = sourcecode.c.objc; path = HeaderFooterView.m; sourceTree = "<group>"; };
		AE8832F913BE4FFA0040FAE9 /* directory_tab.png */ = {isa = PBXFileReference; lastKnownFileType = image.png; path = directory_tab.png; sourceTree = "<group>"; };
		AE8832FA13BE4FFA0040FAE9 /* directory_tab@2x.png */ = {isa = PBXFileReference; lastKnownFileType = image.png; path = "directory_tab@2x.png"; sourceTree = "<group>"; };
		AE886D621370E2400056BDF4 /* POIAnnotation.h */ = {isa = PBXFileReference; fileEncoding = 4; lastKnownFileType = sourcecode.c.h; path = POIAnnotation.h; sourceTree = "<group>"; };
		AE886D641370E2490056BDF4 /* POIAnnotation.m */ = {isa = PBXFileReference; fileEncoding = 4; lastKnownFileType = sourcecode.c.objc; path = POIAnnotation.m; sourceTree = "<group>"; };
		AE8A215113BABA8C001F4F3C /* iAd.framework */ = {isa = PBXFileReference; lastKnownFileType = wrapper.framework; name = iAd.framework; path = System/Library/Frameworks/iAd.framework; sourceTree = SDKROOT; };
		AE8B65B313B24995005EFFE7 /* QuartzCore.framework */ = {isa = PBXFileReference; lastKnownFileType = wrapper.framework; name = QuartzCore.framework; path = System/Library/Frameworks/QuartzCore.framework; sourceTree = SDKROOT; };
		AE8DD06713B033ED00D7FCB3 /* NameEditView.xib */ = {isa = PBXFileReference; fileEncoding = 4; lastKnownFileType = file.xib; path = NameEditView.xib; sourceTree = "<group>"; };
		AE8DD06A13B034A700D7FCB3 /* SettingsDetailsViewController.h */ = {isa = PBXFileReference; fileEncoding = 4; lastKnownFileType = sourcecode.c.h; path = SettingsDetailsViewController.h; sourceTree = "<group>"; };
		AE8DD06B13B034A700D7FCB3 /* SettingsDetailsViewController.m */ = {isa = PBXFileReference; fileEncoding = 4; lastKnownFileType = sourcecode.c.objc; path = SettingsDetailsViewController.m; sourceTree = "<group>"; };
		AE8DD06F13B05EB900D7FCB3 /* HideStateView.xib */ = {isa = PBXFileReference; fileEncoding = 4; lastKnownFileType = file.xib; path = HideStateView.xib; sourceTree = "<group>"; };
		AE8E2C17139886630098A426 /* NewRoundViewController.h */ = {isa = PBXFileReference; fileEncoding = 4; lastKnownFileType = sourcecode.c.h; path = NewRoundViewController.h; sourceTree = "<group>"; };
		AE8E2C18139886630098A426 /* NewRoundViewController.m */ = {isa = PBXFileReference; fileEncoding = 4; lastKnownFileType = sourcecode.c.objc; path = NewRoundViewController.m; sourceTree = "<group>"; };
		AE8E2C19139886630098A426 /* NewRoundView.xib */ = {isa = PBXFileReference; fileEncoding = 4; lastKnownFileType = file.xib; path = NewRoundView.xib; sourceTree = "<group>"; };
		AE8F3D3D13A6D3B000C9DB74 /* sadweather.png */ = {isa = PBXFileReference; lastKnownFileType = image.png; path = sadweather.png; sourceTree = "<group>"; };
		AE8FE58B1384A96900EE8E66 /* CourseSelectViewController.h */ = {isa = PBXFileReference; fileEncoding = 4; lastKnownFileType = sourcecode.c.h; path = CourseSelectViewController.h; sourceTree = "<group>"; };
		AE8FE58C1384A96900EE8E66 /* CourseSelectViewController.m */ = {isa = PBXFileReference; fileEncoding = 4; lastKnownFileType = sourcecode.c.objc; path = CourseSelectViewController.m; sourceTree = "<group>"; };
		AE90069D13A9C6B3008247BF /* SettingsViewController.h */ = {isa = PBXFileReference; fileEncoding = 4; lastKnownFileType = sourcecode.c.h; path = SettingsViewController.h; sourceTree = "<group>"; };
		AE90069E13A9C6B3008247BF /* SettingsViewController.m */ = {isa = PBXFileReference; fileEncoding = 4; lastKnownFileType = sourcecode.c.objc; path = SettingsViewController.m; sourceTree = "<group>"; };
		AE90069F13A9C6B3008247BF /* SettingsView.xib */ = {isa = PBXFileReference; fileEncoding = 4; lastKnownFileType = file.xib; path = SettingsView.xib; sourceTree = "<group>"; };
		AE90A58213A5C1D100F87850 /* favstar_selected.png */ = {isa = PBXFileReference; lastKnownFileType = image.png; path = favstar_selected.png; sourceTree = "<group>"; };
		AE90A58513A5C37000F87850 /* favstar_deselected.png */ = {isa = PBXFileReference; lastKnownFileType = image.png; path = favstar_deselected.png; sourceTree = "<group>"; };
		AE9177F3139AC17300AC5706 /* Course.h */ = {isa = PBXFileReference; fileEncoding = 4; lastKnownFileType = sourcecode.c.h; path = Course.h; sourceTree = "<group>"; };
		AE9177F4139AC17300AC5706 /* Course.m */ = {isa = PBXFileReference; fileEncoding = 4; lastKnownFileType = sourcecode.c.objc; path = Course.m; sourceTree = "<group>"; };
		AE9177F6139AC17400AC5706 /* Scorecard.h */ = {isa = PBXFileReference; fileEncoding = 4; lastKnownFileType = sourcecode.c.h; path = Scorecard.h; sourceTree = "<group>"; };
		AE9177F7139AC17400AC5706 /* Scorecard.m */ = {isa = PBXFileReference; fileEncoding = 4; lastKnownFileType = sourcecode.c.objc; path = Scorecard.m; sourceTree = "<group>"; };
		AE9427CD13821ABF0047EBA4 /* CoreData.framework */ = {isa = PBXFileReference; lastKnownFileType = wrapper.framework; name = CoreData.framework; path = System/Library/Frameworks/CoreData.framework; sourceTree = SDKROOT; };
		AEA35AE51384CE7600111BAA /* CourseDetailViewController.h */ = {isa = PBXFileReference; fileEncoding = 4; lastKnownFileType = sourcecode.c.h; path = CourseDetailViewController.h; sourceTree = "<group>"; };
		AEA35AE61384CE7600111BAA /* CourseDetailViewController.m */ = {isa = PBXFileReference; fileEncoding = 4; lastKnownFileType = sourcecode.c.objc; path = CourseDetailViewController.m; sourceTree = "<group>"; };
		AEA35AE71384CE7600111BAA /* CourseDetailView.xib */ = {isa = PBXFileReference; fileEncoding = 4; lastKnownFileType = file.xib; path = CourseDetailView.xib; sourceTree = "<group>"; };
		AEA99327139DBF8700DD723C /* ScoreTrackerViewController.h */ = {isa = PBXFileReference; fileEncoding = 4; lastKnownFileType = sourcecode.c.h; path = ScoreTrackerViewController.h; sourceTree = "<group>"; };
		AEA99328139DBF8700DD723C /* ScoreTrackerViewController.m */ = {isa = PBXFileReference; fileEncoding = 4; lastKnownFileType = sourcecode.c.objc; path = ScoreTrackerViewController.m; sourceTree = "<group>"; };
		AEA99329139DBF8800DD723C /* ScoreTrackerView.xib */ = {isa = PBXFileReference; fileEncoding = 4; lastKnownFileType = file.xib; path = ScoreTrackerView.xib; sourceTree = "<group>"; };
		AEB0722B137DB51600BE3C37 /* dbinit.h */ = {isa = PBXFileReference; fileEncoding = 4; lastKnownFileType = sourcecode.c.h; name = dbinit.h; path = ../dbinit.h; sourceTree = "<group>"; };
		AEB0722C137DB51600BE3C37 /* dbinit.m */ = {isa = PBXFileReference; fileEncoding = 4; lastKnownFileType = sourcecode.c.objc; name = dbinit.m; path = ../dbinit.m; sourceTree = "<group>"; };
		AED0778913CD58B600290053 /* ECaddy.sqlite */ = {isa = PBXFileReference; lastKnownFileType = file; path = ECaddy.sqlite; sourceTree = "<group>"; };
		AED1EA081374F950008365D5 /* green.png */ = {isa = PBXFileReference; lastKnownFileType = image.png; path = green.png; sourceTree = "<group>"; };
		AED1EA0B1374F959008365D5 /* tee.png */ = {isa = PBXFileReference; lastKnownFileType = image.png; path = tee.png; sourceTree = "<group>"; };
		AED1EA1513750ECC008365D5 /* teeandgreen.png */ = {isa = PBXFileReference; lastKnownFileType = image.png; name = teeandgreen.png; path = ../teeandgreen.png; sourceTree = "<group>"; };
		AED1EA1713750ED4008365D5 /* teeandgreen_ret.png */ = {isa = PBXFileReference; lastKnownFileType = image.png; name = teeandgreen_ret.png; path = ../teeandgreen_ret.png; sourceTree = "<group>"; };
		AEE5300F13C394DC003C866C /* CustomCourseView.xib */ = {isa = PBXFileReference; fileEncoding = 4; lastKnownFileType = file.xib; path = CustomCourseView.xib; sourceTree = "<group>"; };
		AEE5301213C39AE3003C866C /* CustomCourseViewController.h */ = {isa = PBXFileReference; fileEncoding = 4; lastKnownFileType = sourcecode.c.h; path = CustomCourseViewController.h; sourceTree = "<group>"; };
		AEE5301313C39AE3003C866C /* CustomCourseViewController.m */ = {isa = PBXFileReference; fileEncoding = 4; lastKnownFileType = sourcecode.c.objc; path = CustomCourseViewController.m; sourceTree = "<group>"; };
		AEEE909413C1650100B8BBD8 /* Facebook.h */ = {isa = PBXFileReference; fileEncoding = 4; lastKnownFileType = sourcecode.c.h; path = Facebook.h; sourceTree = "<group>"; };
		AEEE909513C1650100B8BBD8 /* Facebook.m */ = {isa = PBXFileReference; fileEncoding = 4; lastKnownFileType = sourcecode.c.objc; path = Facebook.m; sourceTree = "<group>"; };
		AEEE909613C1650100B8BBD8 /* facebook_ios_sdk_Prefix.pch */ = {isa = PBXFileReference; fileEncoding = 4; lastKnownFileType = sourcecode.c.h; path = facebook_ios_sdk_Prefix.pch; sourceTree = "<group>"; };
		AEEE909713C1650100B8BBD8 /* FBConnect.h */ = {isa = PBXFileReference; fileEncoding = 4; lastKnownFileType = sourcecode.c.h; path = FBConnect.h; sourceTree = "<group>"; };
		AEEE909813C1650100B8BBD8 /* FBDialog.bundle */ = {isa = PBXFileReference; lastKnownFileType = "wrapper.plug-in"; path = FBDialog.bundle; sourceTree = "<group>"; };
		AEEE909913C1650100B8BBD8 /* FBDialog.h */ = {isa = PBXFileReference; fileEncoding = 4; lastKnownFileType = sourcecode.c.h; path = FBDialog.h; sourceTree = "<group>"; };
		AEEE909A13C1650100B8BBD8 /* FBDialog.m */ = {isa = PBXFileReference; fileEncoding = 4; lastKnownFileType = sourcecode.c.objc; path = FBDialog.m; sourceTree = "<group>"; };
		AEEE909B13C1650100B8BBD8 /* FBLoginDialog.h */ = {isa = PBXFileReference; fileEncoding = 4; lastKnownFileType = sourcecode.c.h; path = FBLoginDialog.h; sourceTree = "<group>"; };
		AEEE909C13C1650100B8BBD8 /* FBLoginDialog.m */ = {isa = PBXFileReference; fileEncoding = 4; lastKnownFileType = sourcecode.c.objc; path = FBLoginDialog.m; sourceTree = "<group>"; };
		AEEE909D13C1650100B8BBD8 /* FBRequest.h */ = {isa = PBXFileReference; fileEncoding = 4; lastKnownFileType = sourcecode.c.h; path = FBRequest.h; sourceTree = "<group>"; };
		AEEE909E13C1650100B8BBD8 /* FBRequest.m */ = {isa = PBXFileReference; fileEncoding = 4; lastKnownFileType = sourcecode.c.objc; path = FBRequest.m; sourceTree = "<group>"; };
		AEEE90A013C1650100B8BBD8 /* JSON.h */ = {isa = PBXFileReference; fileEncoding = 4; lastKnownFileType = sourcecode.c.h; path = JSON.h; sourceTree = "<group>"; };
		AEEE90A113C1650100B8BBD8 /* NSObject+SBJSON.h */ = {isa = PBXFileReference; fileEncoding = 4; lastKnownFileType = sourcecode.c.h; path = "NSObject+SBJSON.h"; sourceTree = "<group>"; };
		AEEE90A213C1650100B8BBD8 /* NSObject+SBJSON.m */ = {isa = PBXFileReference; fileEncoding = 4; lastKnownFileType = sourcecode.c.objc; path = "NSObject+SBJSON.m"; sourceTree = "<group>"; };
		AEEE90A313C1650100B8BBD8 /* NSString+SBJSON.h */ = {isa = PBXFileReference; fileEncoding = 4; lastKnownFileType = sourcecode.c.h; path = "NSString+SBJSON.h"; sourceTree = "<group>"; };
		AEEE90A413C1650100B8BBD8 /* NSString+SBJSON.m */ = {isa = PBXFileReference; fileEncoding = 4; lastKnownFileType = sourcecode.c.objc; path = "NSString+SBJSON.m"; sourceTree = "<group>"; };
		AEEE90A513C1650100B8BBD8 /* SBJSON.h */ = {isa = PBXFileReference; fileEncoding = 4; lastKnownFileType = sourcecode.c.h; path = SBJSON.h; sourceTree = "<group>"; };
		AEEE90A613C1650100B8BBD8 /* SBJSON.m */ = {isa = PBXFileReference; fileEncoding = 4; lastKnownFileType = sourcecode.c.objc; path = SBJSON.m; sourceTree = "<group>"; };
		AEEE90A713C1650100B8BBD8 /* SBJsonBase.h */ = {isa = PBXFileReference; fileEncoding = 4; lastKnownFileType = sourcecode.c.h; path = SBJsonBase.h; sourceTree = "<group>"; };
		AEEE90A813C1650100B8BBD8 /* SBJsonBase.m */ = {isa = PBXFileReference; fileEncoding = 4; lastKnownFileType = sourcecode.c.objc; path = SBJsonBase.m; sourceTree = "<group>"; };
		AEEE90A913C1650100B8BBD8 /* SBJsonParser.h */ = {isa = PBXFileReference; fileEncoding = 4; lastKnownFileType = sourcecode.c.h; path = SBJsonParser.h; sourceTree = "<group>"; };
		AEEE90AA13C1650100B8BBD8 /* SBJsonParser.m */ = {isa = PBXFileReference; fileEncoding = 4; lastKnownFileType = sourcecode.c.objc; path = SBJsonParser.m; sourceTree = "<group>"; };
		AEEE90AB13C1650100B8BBD8 /* SBJsonWriter.h */ = {isa = PBXFileReference; fileEncoding = 4; lastKnownFileType = sourcecode.c.h; path = SBJsonWriter.h; sourceTree = "<group>"; };
		AEEE90AC13C1650100B8BBD8 /* SBJsonWriter.m */ = {isa = PBXFileReference; fileEncoding = 4; lastKnownFileType = sourcecode.c.objc; path = SBJsonWriter.m; sourceTree = "<group>"; };
		AEFE6F141381BB60002B1AA3 /* coursemodel.xcdatamodel */ = {isa = PBXFileReference; lastKnownFileType = wrapper.xcdatamodel; path = coursemodel.xcdatamodel; sourceTree = "<group>"; };
/* End PBXFileReference section */

/* Begin PBXFrameworksBuildPhase section */
		AE85D73B1368E34400CDA534 /* Frameworks */ = {
			isa = PBXFrameworksBuildPhase;
			buildActionMask = 2147483647;
			files = (
				AE8A215213BABA8C001F4F3C /* iAd.framework in Frameworks */,
				AE8B65B413B24995005EFFE7 /* QuartzCore.framework in Frameworks */,
				AE9427CE13821ABF0047EBA4 /* CoreData.framework in Frameworks */,
				AE85D7861368EC5900CDA534 /* MapKit.framework in Frameworks */,
				AE85D7841368EC5200CDA534 /* CoreLocation.framework in Frameworks */,
				AE85D7431368E34400CDA534 /* UIKit.framework in Frameworks */,
				AE85D7451368E34400CDA534 /* Foundation.framework in Frameworks */,
				AE85D7471368E34400CDA534 /* CoreGraphics.framework in Frameworks */,
				AE816DC4137B7E670023F5D7 /* libz.dylib in Frameworks */,
			);
			runOnlyForDeploymentPostprocessing = 0;
		};
/* End PBXFrameworksBuildPhase section */

/* Begin PBXGroup section */
		AE816DBB137B7DB50023F5D7 /* TBXML */ = {
			isa = PBXGroup;
			children = (
				AE816DBD137B7E140023F5D7 /* NSDataAdditions.h */,
				AE816DBE137B7E140023F5D7 /* NSDataAdditions.m */,
				AE816DBF137B7E140023F5D7 /* TBXML.h */,
				AE816DC0137B7E140023F5D7 /* TBXML.m */,
			);
			name = TBXML;
			sourceTree = "<group>";
		};
		AE85D7331368E34400CDA534 = {
			isa = PBXGroup;
			children = (
				AE85D7481368E34400CDA534 /* ECaddy */,
				AE85D7411368E34400CDA534 /* Frameworks */,
				AEEE908013C1650100B8BBD8 /* FBConnect */,
				AE816DBB137B7DB50023F5D7 /* TBXML */,
				AE85D73F1368E34400CDA534 /* Products */,
			);
			sourceTree = "<group>";
		};
		AE85D73F1368E34400CDA534 /* Products */ = {
			isa = PBXGroup;
			children = (
				AE85D73E1368E34400CDA534 /* ECaddy.app */,
			);
			name = Products;
			sourceTree = "<group>";
		};
		AE85D7411368E34400CDA534 /* Frameworks */ = {
			isa = PBXGroup;
			children = (
				AE8A215113BABA8C001F4F3C /* iAd.framework */,
				AE8B65B313B24995005EFFE7 /* QuartzCore.framework */,
				AE9427CD13821ABF0047EBA4 /* CoreData.framework */,
				AE85D7851368EC5900CDA534 /* MapKit.framework */,
				AE85D7831368EC5200CDA534 /* CoreLocation.framework */,
				AE85D7421368E34400CDA534 /* UIKit.framework */,
				AE85D7441368E34400CDA534 /* Foundation.framework */,
				AE85D7461368E34400CDA534 /* CoreGraphics.framework */,
			);
			name = Frameworks;
			sourceTree = "<group>";
		};
		AE85D7481368E34400CDA534 /* ECaddy */ = {
			isa = PBXGroup;
			children = (
				AEB0722B137DB51600BE3C37 /* dbinit.h */,
				AEB0722C137DB51600BE3C37 /* dbinit.m */,
				AE9177F6139AC17400AC5706 /* Scorecard.h */,
				AE9177F7139AC17400AC5706 /* Scorecard.m */,
				AE9177F3139AC17300AC5706 /* Course.h */,
				AE9177F4139AC17300AC5706 /* Course.m */,
				AE886D621370E2400056BDF4 /* POIAnnotation.h */,
				AE886D641370E2490056BDF4 /* POIAnnotation.m */,
				AE85D7511368E34400CDA534 /* ECaddyAppDelegate.h */,
				AE85D7521368E34400CDA534 /* ECaddyAppDelegate.m */,
				AE8FE58B1384A96900EE8E66 /* CourseSelectViewController.h */,
				AE8FE58C1384A96900EE8E66 /* CourseSelectViewController.m */,
				AE85D75A1368E34400CDA534 /* DirectoryViewController.h */,
				AE85D75B1368E34400CDA534 /* DirectoryViewController.m */,
				AEA35AE51384CE7600111BAA /* CourseDetailViewController.h */,
				AEA35AE61384CE7600111BAA /* CourseDetailViewController.m */,
				AE85D7571368E34400CDA534 /* ScorecardViewController.h */,
				AE85D7581368E34400CDA534 /* ScorecardViewController.m */,
				AEA99327139DBF8700DD723C /* ScoreTrackerViewController.h */,
				AEA99328139DBF8700DD723C /* ScoreTrackerViewController.m */,
				AE85D7711368E75700CDA534 /* MapViewController.h */,
				AE85D7721368E75700CDA534 /* MapViewController.m */,
				AE85D78F1369298E00CDA534 /* WeatherDetails.h */,
				AE85D7901369298E00CDA534 /* WeatherDetails.m */,
				AE8E2C17139886630098A426 /* NewRoundViewController.h */,
				AE8E2C18139886630098A426 /* NewRoundViewController.m */,
				AE880E6713A1ACBE00824DF6 /* HeaderFooterView.h */,
				AE880E6813A1ACBE00824DF6 /* HeaderFooterView.m */,
				AE834A7D13A3F6AC00EFF1DB /* ScorecardTableCell.h */,
				AE834A7E13A3F6AC00EFF1DB /* ScorecardTableCell.m */,
				AE3D287113B99CAF0054903D /* ScorecardTableViewController.h */,
				AE3D287213B99CB00054903D /* ScorecardTableViewController.m */,
				AE90069D13A9C6B3008247BF /* SettingsViewController.h */,
				AE90069E13A9C6B3008247BF /* SettingsViewController.m */,
				AE8DD06A13B034A700D7FCB3 /* SettingsDetailsViewController.h */,
				AE8DD06B13B034A700D7FCB3 /* SettingsDetailsViewController.m */,
				AEE5301213C39AE3003C866C /* CustomCourseViewController.h */,
				AEE5301313C39AE3003C866C /* CustomCourseViewController.m */,
				AEA99329139DBF8800DD723C /* ScoreTrackerView.xib */,
				AE85D7541368E34400CDA534 /* MainWindow.xib */,
				AE85D75D1368E34400CDA534 /* ScorecardView.xib */,
				AE85D7601368E34400CDA534 /* CourseSelectView.xib */,
				AEA35AE71384CE7600111BAA /* CourseDetailView.xib */,
				AE7F932A13836621003CCD57 /* StateDirView.xib */,
				AE85D7731368E75700CDA534 /* MapView.xib */,
				AE85D7911369298E00CDA534 /* WeatherDetails.xib */,
				AE8E2C19139886630098A426 /* NewRoundView.xib */,
				AE90069F13A9C6B3008247BF /* SettingsView.xib */,
				AE8DD06713B033ED00D7FCB3 /* NameEditView.xib */,
				AE8DD06F13B05EB900D7FCB3 /* HideStateView.xib */,
				AE3D287313B99CB00054903D /* ScorecardTableView.xib */,
				AEE5300F13C394DC003C866C /* CustomCourseView.xib */,
				AEFE6F131381BB60002B1AA3 /* coursemodel.xcdatamodeld */,
				AED1EA081374F950008365D5 /* green.png */,
				AED1EA0B1374F959008365D5 /* tee.png */,
				AED1EA1513750ECC008365D5 /* teeandgreen.png */,
				AED1EA1713750ED4008365D5 /* teeandgreen_ret.png */,
				AE90A58213A5C1D100F87850 /* favstar_selected.png */,
				AE90A58513A5C37000F87850 /* favstar_deselected.png */,
				AE8F3D3D13A6D3B000C9DB74 /* sadweather.png */,
				AE8832F913BE4FFA0040FAE9 /* directory_tab.png */,
				AE8832FA13BE4FFA0040FAE9 /* directory_tab@2x.png */,
				AE38B0B513BE4C6900D7F9FA /* scorecard_tab.png */,
				AE38B0B613BE4C6900D7F9FA /* scorecard_tab@2x.png */,
				AE5287AA13D52657004D4370 /* wind_arrow.png */,
				AED0778913CD58B600290053 /* ECaddy.sqlite */,
				AE85D7491368E34400CDA534 /* Supporting Files */,
			);
			path = ECaddy;
			sourceTree = "<group>";
		};
		AE85D7491368E34400CDA534 /* Supporting Files */ = {
			isa = PBXGroup;
			children = (
				AE7F932713835FC9003CCD57 /* stateabbrs.txt */,
				AE85D74A1368E34400CDA534 /* ECaddy-Info.plist */,
				AE85D74B1368E34400CDA534 /* InfoPlist.strings */,
				AE85D74E1368E34400CDA534 /* ECaddy-Prefix.pch */,
				AE85D74F1368E34400CDA534 /* main.m */,
				AE816DC3137B7E670023F5D7 /* libz.dylib */,
			);
			name = "Supporting Files";
			sourceTree = "<group>";
		};
		AEEE908013C1650100B8BBD8 /* FBConnect */ = {
			isa = PBXGroup;
			children = (
				AEEE909413C1650100B8BBD8 /* Facebook.h */,
				AEEE909513C1650100B8BBD8 /* Facebook.m */,
				AEEE909613C1650100B8BBD8 /* facebook_ios_sdk_Prefix.pch */,
				AEEE909713C1650100B8BBD8 /* FBConnect.h */,
				AEEE909813C1650100B8BBD8 /* FBDialog.bundle */,
				AEEE909913C1650100B8BBD8 /* FBDialog.h */,
				AEEE909A13C1650100B8BBD8 /* FBDialog.m */,
				AEEE909B13C1650100B8BBD8 /* FBLoginDialog.h */,
				AEEE909C13C1650100B8BBD8 /* FBLoginDialog.m */,
				AEEE909D13C1650100B8BBD8 /* FBRequest.h */,
				AEEE909E13C1650100B8BBD8 /* FBRequest.m */,
				AEEE909F13C1650100B8BBD8 /* JSON */,
			);
			name = FBConnect;
			path = "../../../Downloads/facebook-facebook-ios-sdk-fc1cde2/src";
			sourceTree = "<group>";
		};
		AEEE909F13C1650100B8BBD8 /* JSON */ = {
			isa = PBXGroup;
			children = (
				AEEE90A013C1650100B8BBD8 /* JSON.h */,
				AEEE90A113C1650100B8BBD8 /* NSObject+SBJSON.h */,
				AEEE90A213C1650100B8BBD8 /* NSObject+SBJSON.m */,
				AEEE90A313C1650100B8BBD8 /* NSString+SBJSON.h */,
				AEEE90A413C1650100B8BBD8 /* NSString+SBJSON.m */,
				AEEE90A513C1650100B8BBD8 /* SBJSON.h */,
				AEEE90A613C1650100B8BBD8 /* SBJSON.m */,
				AEEE90A713C1650100B8BBD8 /* SBJsonBase.h */,
				AEEE90A813C1650100B8BBD8 /* SBJsonBase.m */,
				AEEE90A913C1650100B8BBD8 /* SBJsonParser.h */,
				AEEE90AA13C1650100B8BBD8 /* SBJsonParser.m */,
				AEEE90AB13C1650100B8BBD8 /* SBJsonWriter.h */,
				AEEE90AC13C1650100B8BBD8 /* SBJsonWriter.m */,
			);
			path = JSON;
			sourceTree = "<group>";
		};
/* End PBXGroup section */

/* Begin PBXNativeTarget section */
		AE85D73D1368E34400CDA534 /* ECaddy */ = {
			isa = PBXNativeTarget;
			buildConfigurationList = AE85D7651368E34400CDA534 /* Build configuration list for PBXNativeTarget "ECaddy" */;
			buildPhases = (
				AE85D73A1368E34400CDA534 /* Sources */,
				AE85D73B1368E34400CDA534 /* Frameworks */,
				AE85D73C1368E34400CDA534 /* Resources */,
			);
			buildRules = (
			);
			dependencies = (
			);
			name = ECaddy;
			productName = ECaddy;
			productReference = AE85D73E1368E34400CDA534 /* ECaddy.app */;
			productType = "com.apple.product-type.application";
		};
/* End PBXNativeTarget section */

/* Begin PBXProject section */
		AE85D7351368E34400CDA534 /* Project object */ = {
			isa = PBXProject;
			buildConfigurationList = AE85D7381368E34400CDA534 /* Build configuration list for PBXProject "ECaddy" */;
			compatibilityVersion = "Xcode 3.2";
			developmentRegion = English;
			hasScannedForEncodings = 0;
			knownRegions = (
				en,
			);
			mainGroup = AE85D7331368E34400CDA534;
			productRefGroup = AE85D73F1368E34400CDA534 /* Products */;
			projectDirPath = "";
			projectRoot = "";
			targets = (
				AE85D73D1368E34400CDA534 /* ECaddy */,
			);
		};
/* End PBXProject section */

/* Begin PBXResourcesBuildPhase section */
		AE85D73C1368E34400CDA534 /* Resources */ = {
			isa = PBXResourcesBuildPhase;
			buildActionMask = 2147483647;
			files = (
				AE85D74D1368E34400CDA534 /* InfoPlist.strings in Resources */,
				AE85D7561368E34400CDA534 /* MainWindow.xib in Resources */,
				AE85D75F1368E34400CDA534 /* ScorecardView.xib in Resources */,
				AE85D7621368E34400CDA534 /* CourseSelectView.xib in Resources */,
				AE85D7751368E75700CDA534 /* MapView.xib in Resources */,
				AE85D7931369298E00CDA534 /* WeatherDetails.xib in Resources */,
				AED1EA091374F950008365D5 /* green.png in Resources */,
				AED1EA0C1374F959008365D5 /* tee.png in Resources */,
				AED1EA1613750ECD008365D5 /* teeandgreen.png in Resources */,
				AED1EA1813750ED4008365D5 /* teeandgreen_ret.png in Resources */,
				AE7F932813835FC9003CCD57 /* stateabbrs.txt in Resources */,
				AE7F932B13836621003CCD57 /* StateDirView.xib in Resources */,
				AEA35AE91384CE7600111BAA /* CourseDetailView.xib in Resources */,
				AE8E2C1B139886630098A426 /* NewRoundView.xib in Resources */,
				AEA9932B139DBF8800DD723C /* ScoreTrackerView.xib in Resources */,
				AE90A58313A5C1D100F87850 /* favstar_selected.png in Resources */,
				AE90A58613A5C37000F87850 /* favstar_deselected.png in Resources */,
				AE8F3D3E13A6D3B000C9DB74 /* sadweather.png in Resources */,
				AE9006A113A9C6B3008247BF /* SettingsView.xib in Resources */,
				AE8DD06813B033ED00D7FCB3 /* NameEditView.xib in Resources */,
				AE8DD07013B05EB900D7FCB3 /* HideStateView.xib in Resources */,
				AE3D287513B99CB10054903D /* ScorecardTableView.xib in Resources */,
				AE38B0B713BE4C6900D7F9FA /* scorecard_tab.png in Resources */,
				AE38B0B813BE4C6900D7F9FA /* scorecard_tab@2x.png in Resources */,
				AE8832FB13BE4FFA0040FAE9 /* directory_tab.png in Resources */,
				AE8832FC13BE4FFA0040FAE9 /* directory_tab@2x.png in Resources */,
				AEEE90BD13C1650100B8BBD8 /* FBDialog.bundle in Resources */,
				AEE5301013C394DC003C866C /* CustomCourseView.xib in Resources */,
				AED0778A13CD58B600290053 /* ECaddy.sqlite in Resources */,
				AE5287AB13D52657004D4370 /* wind_arrow.png in Resources */,
			);
			runOnlyForDeploymentPostprocessing = 0;
		};
/* End PBXResourcesBuildPhase section */

/* Begin PBXSourcesBuildPhase section */
		AE85D73A1368E34400CDA534 /* Sources */ = {
			isa = PBXSourcesBuildPhase;
			buildActionMask = 2147483647;
			files = (
				AE816DC2137B7E140023F5D7 /* TBXML.m in Sources */,
				AE85D7501368E34400CDA534 /* main.m in Sources */,
				AE85D7531368E34400CDA534 /* ECaddyAppDelegate.m in Sources */,
				AE85D7591368E34400CDA534 /* ScorecardViewController.m in Sources */,
				AE85D75C1368E34400CDA534 /* DirectoryViewController.m in Sources */,
				AE85D7741368E75700CDA534 /* MapViewController.m in Sources */,
				AE85D7921369298E00CDA534 /* WeatherDetails.m in Sources */,
				AE886D651370E2490056BDF4 /* POIAnnotation.m in Sources */,
				AE816DC1137B7E140023F5D7 /* NSDataAdditions.m in Sources */,
				AEFE6F151381BB60002B1AA3 /* coursemodel.xcdatamodeld in Sources */,
				AE8FE58E1384A96900EE8E66 /* CourseSelectViewController.m in Sources */,
				AEA35AE81384CE7600111BAA /* CourseDetailViewController.m in Sources */,
				AE8E2C1A139886630098A426 /* NewRoundViewController.m in Sources */,
				AE9177F5139AC17300AC5706 /* Course.m in Sources */,
				AE9177F8139AC17400AC5706 /* Scorecard.m in Sources */,
				AEA9932A139DBF8800DD723C /* ScoreTrackerViewController.m in Sources */,
				AE880E6913A1ACBE00824DF6 /* HeaderFooterView.m in Sources */,
				AE834A7F13A3F6AC00EFF1DB /* ScorecardTableCell.m in Sources */,
				AE9006A013A9C6B3008247BF /* SettingsViewController.m in Sources */,
				AE8DD06D13B034A700D7FCB3 /* SettingsDetailsViewController.m in Sources */,
				AE3D287413B99CB10054903D /* ScorecardTableViewController.m in Sources */,
				AEEE90BC13C1650100B8BBD8 /* Facebook.m in Sources */,
				AEEE90BE13C1650100B8BBD8 /* FBDialog.m in Sources */,
				AEEE90BF13C1650100B8BBD8 /* FBLoginDialog.m in Sources */,
				AEEE90C013C1650100B8BBD8 /* FBRequest.m in Sources */,
				AEEE90C113C1650100B8BBD8 /* NSObject+SBJSON.m in Sources */,
				AEEE90C213C1650100B8BBD8 /* NSString+SBJSON.m in Sources */,
				AEEE90C313C1650100B8BBD8 /* SBJSON.m in Sources */,
				AEEE90C413C1650100B8BBD8 /* SBJsonBase.m in Sources */,
				AEEE90C513C1650100B8BBD8 /* SBJsonParser.m in Sources */,
				AEEE90C613C1650100B8BBD8 /* SBJsonWriter.m in Sources */,
				AEE5301513C39AE4003C866C /* CustomCourseViewController.m in Sources */,
			);
			runOnlyForDeploymentPostprocessing = 0;
		};
/* End PBXSourcesBuildPhase section */

/* Begin PBXVariantGroup section */
		AE85D74B1368E34400CDA534 /* InfoPlist.strings */ = {
			isa = PBXVariantGroup;
			children = (
				AE85D74C1368E34400CDA534 /* en */,
			);
			name = InfoPlist.strings;
			sourceTree = "<group>";
		};
		AE85D7541368E34400CDA534 /* MainWindow.xib */ = {
			isa = PBXVariantGroup;
			children = (
				AE85D7551368E34400CDA534 /* en */,
			);
			name = MainWindow.xib;
			sourceTree = "<group>";
		};
		AE85D75D1368E34400CDA534 /* ScorecardView.xib */ = {
			isa = PBXVariantGroup;
			children = (
				AE85D75E1368E34400CDA534 /* en */,
			);
			name = ScorecardView.xib;
			sourceTree = "<group>";
		};
		AE85D7601368E34400CDA534 /* CourseSelectView.xib */ = {
			isa = PBXVariantGroup;
			children = (
				AE85D7611368E34400CDA534 /* en */,
			);
			name = CourseSelectView.xib;
			sourceTree = "<group>";
		};
/* End PBXVariantGroup section */

/* Begin XCBuildConfiguration section */
		AE85D7631368E34400CDA534 /* Debug */ = {
			isa = XCBuildConfiguration;
			buildSettings = {
				ARCHS = "$(ARCHS_STANDARD_32_BIT)";
				CODE_SIGN_IDENTITY = "iPhone Developer: Robert KIng (PLJWL35TX2)";
				"CODE_SIGN_IDENTITY[sdk=iphoneos*]" = "iPhone Developer: Robert KIng (PLJWL35TX2)";
				GCC_C_LANGUAGE_STANDARD = gnu99;
				GCC_OPTIMIZATION_LEVEL = 0;
				GCC_PREPROCESSOR_DEFINITIONS = DEBUG;
				GCC_SYMBOLS_PRIVATE_EXTERN = NO;
				GCC_VERSION = com.apple.compilers.llvmgcc42;
				GCC_WARN_ABOUT_RETURN_TYPE = YES;
				GCC_WARN_UNUSED_VARIABLE = YES;
				IPHONEOS_DEPLOYMENT_TARGET = 4.3;
				PROVISIONING_PROFILE = "2F7D09D7-F4A8-43EF-B877-C3E8D49ADD35";
				"PROVISIONING_PROFILE[sdk=iphoneos*]" = "2F7D09D7-F4A8-43EF-B877-C3E8D49ADD35";
				SDKROOT = iphoneos;
			};
			name = Debug;
		};
		AE85D7641368E34400CDA534 /* Release */ = {
			isa = XCBuildConfiguration;
			buildSettings = {
				ARCHS = "$(ARCHS_STANDARD_32_BIT)";
				CODE_SIGN_IDENTITY = "iPhone Developer: Robert KIng (PLJWL35TX2)";
				"CODE_SIGN_IDENTITY[sdk=iphoneos*]" = "iPhone Developer: Robert KIng (PLJWL35TX2)";
				GCC_C_LANGUAGE_STANDARD = gnu99;
				GCC_VERSION = com.apple.compilers.llvmgcc42;
				GCC_WARN_ABOUT_RETURN_TYPE = YES;
				GCC_WARN_UNUSED_VARIABLE = YES;
				IPHONEOS_DEPLOYMENT_TARGET = 4.3;
				OTHER_CFLAGS = "-DNS_BLOCK_ASSERTIONS=1";
				PROVISIONING_PROFILE = "2F7D09D7-F4A8-43EF-B877-C3E8D49ADD35";
				"PROVISIONING_PROFILE[sdk=iphoneos*]" = "2F7D09D7-F4A8-43EF-B877-C3E8D49ADD35";
				SDKROOT = iphoneos;
			};
			name = Release;
		};
		AE85D7661368E34400CDA534 /* Debug */ = {
			isa = XCBuildConfiguration;
			buildSettings = {
				ALWAYS_SEARCH_USER_PATHS = NO;
				COPY_PHASE_STRIP = NO;
				GCC_DYNAMIC_NO_PIC = NO;
				GCC_PRECOMPILE_PREFIX_HEADER = YES;
				GCC_PREFIX_HEADER = "ECaddy/ECaddy-Prefix.pch";
				INFOPLIST_FILE = "ECaddy/ECaddy-Info.plist";
				PRODUCT_NAME = "$(TARGET_NAME)";
				TARGETED_DEVICE_FAMILY = 1;
				WRAPPER_EXTENSION = app;
			};
			name = Debug;
		};
		AE85D7671368E34400CDA534 /* Release */ = {
			isa = XCBuildConfiguration;
			buildSettings = {
				ALWAYS_SEARCH_USER_PATHS = NO;
				COPY_PHASE_STRIP = YES;
				GCC_PRECOMPILE_PREFIX_HEADER = YES;
				GCC_PREFIX_HEADER = "ECaddy/ECaddy-Prefix.pch";
				INFOPLIST_FILE = "ECaddy/ECaddy-Info.plist";
				PRODUCT_NAME = "$(TARGET_NAME)";
				TARGETED_DEVICE_FAMILY = 1;
				VALIDATE_PRODUCT = YES;
				WRAPPER_EXTENSION = app;
			};
			name = Release;
		};
/* End XCBuildConfiguration section */

/* Begin XCConfigurationList section */
		AE85D7381368E34400CDA534 /* Build configuration list for PBXProject "ECaddy" */ = {
			isa = XCConfigurationList;
			buildConfigurations = (
				AE85D7631368E34400CDA534 /* Debug */,
				AE85D7641368E34400CDA534 /* Release */,
			);
			defaultConfigurationIsVisible = 0;
			defaultConfigurationName = Release;
		};
		AE85D7651368E34400CDA534 /* Build configuration list for PBXNativeTarget "ECaddy" */ = {
			isa = XCConfigurationList;
			buildConfigurations = (
				AE85D7661368E34400CDA534 /* Debug */,
				AE85D7671368E34400CDA534 /* Release */,
			);
			defaultConfigurationIsVisible = 0;
			defaultConfigurationName = Release;
		};
/* End XCConfigurationList section */

/* Begin XCVersionGroup section */
		AEFE6F131381BB60002B1AA3 /* coursemodel.xcdatamodeld */ = {
			isa = XCVersionGroup;
			children = (
				AEFE6F141381BB60002B1AA3 /* coursemodel.xcdatamodel */,
			);
			currentVersion = AEFE6F141381BB60002B1AA3 /* coursemodel.xcdatamodel */;
			path = coursemodel.xcdatamodeld;
			sourceTree = "<group>";
			versionGroupType = wrapper.xcdatamodel;
		};
/* End XCVersionGroup section */
	};
	rootObject = AE85D7351368E34400CDA534 /* Project object */;
}
